
Microsoft Visual Studio Solution File, Format Version 12.00
# Visual Studio Version 16
VisualStudioVersion = 16.0.29230.47
MinimumVisualStudioVersion = 10.0.40219.1
Project("{FAE04EC0-301F-11D3-BF4B-00C04F79EFBC}") = "SFCS", "SFCS\SFCS.csproj", "{F05A4A01-28B7-4C2B-B210-6558CE2C568B}"
EndProject
Global
	GlobalSection(SolutionConfigurationPlatforms) = preSolution
		Debug|Any CPU = Debug|Any CPU
		Release|Any CPU = Release|Any CPU
	EndGlobalSection
	GlobalSection(ProjectConfigurationPlatforms) = postSolution
		{F05A4A01-28B7-4C2B-B210-6558CE2C568B}.Debug|Any CPU.ActiveCfg = Debug|Any CPU
		{F05A4A01-28B7-4C2B-B210-6558CE2C568B}.Debug|Any CPU.Build.0 = Debug|Any CPU
		{F05A4A01-28B7-4C2B-B210-6558CE2C568B}.Release|Any CPU.ActiveCfg = Release|Any CPU
		{F05A4A01-28B7-4C2B-B210-6558CE2C568B}.Release|Any CPU.Build.0 = Release|Any CPU
	EndGlobalSection
	GlobalSection(SolutionProperties) = preSolution
		HideSolutionNode = FALSE
	EndGlobalSection
	GlobalSection(ExtensibilityGlobals) = postSolution
		SolutionGuid = {A4490B1F-365C-47AF-8009-95475977576B}
	EndGlobalSection
EndGlobal
